lockfileVersion: '9.0'

settings:
  autoInstallPeers: true
  excludeLinksFromLockfile: false

importers:

  .:
    dependencies:
      vite-plugin-lib-inject-css:
        specifier: ^2.2.1
        version: 2.2.1(vite@6.2.2)
      zod:
        specifier: ^3.24.1
        version: 3.24.2
    devDependencies:
      '@types/react':
        specifier: ^18.3.5
        version: 18.3.18
      '@types/react-dom':
        specifier: ^18.3.0
        version: 18.3.5(@types/react@18.3.18)
      path-browserify:
        specifier: ^1.0.1
        version: 1.0.1
      react:
        specifier: ^18.3.1
        version: 18.3.1
      react-dom:
        specifier: ^18.3.1
        version: 18.3.1(react@18.3.1)
      react-router:
        specifier: ^6.26.2
        version: 6.30.0(react@18.3.1)
      react-router-dom:
        specifier: ^6.26.2
        version: 6.30.0(react-dom@18.3.1(react@18.3.1))(react@18.3.1)

packages:

  '@ast-grep/napi-darwin-arm64@0.32.3':
    resolution: {integrity: sha512-Ifh25Ra38+5TGvO48NVcJsRarBSqJ2ppN6J+Qc8Z19rKALYb61tsWj6oh0W1CTbsYQ/HJbIff//WkUDkY0wMMg==}
    engines: {node: '>= 10'}
    cpu: [arm64]
    os: [darwin]

  '@ast-grep/napi-darwin-x64@0.32.3':
    resolution: {integrity: sha512-jkuXgdvBTK7aTV7IojqMCUbHE4bzJzJ/adR0segW+BpU/uh/pxNuCZAal7E7KmWgSWVSS56UCOjS0OyibZKb7Q==}
    engines: {node: '>= 10'}
    cpu: [x64]
    os: [darwin]

  '@ast-grep/napi-linux-arm64-gnu@0.32.3':
    resolution: {integrity: sha512-Kso32W1K/+guK1Jkk33MpvVHhulaGF7lf6HW9Bc4VxRHWyZBXuhwwPOtf7+89qa2nEb0YyUxgQTnMUXbCKyYAQ==}
    engines: {node: '>= 10'}
    cpu: [arm64]
    os: [linux]

  '@ast-grep/napi-linux-arm64-musl@0.32.3':
    resolution: {integrity: sha512-7+u7F5rzaV0/N5WdP2q+kGl3v+l8iGFRx4p7NUcbNumYqGDS2mkfRkaesRDSd7BH94ZulGtJnpmu3imX7spolQ==}
    engines: {node: '>= 10'}
    cpu: [arm64]
    os: [linux]

  '@ast-grep/napi-linux-x64-gnu@0.32.3':
    resolution: {integrity: sha512-XwUjw+W1QWDAPjx+Hsa8ZwONN3MDPINdRkRM6Q1vV3pl0p9YrMpwL72xrWQA1G7r7ej9BI1fLiXWB4YEOeYzJw==}
    engines: {node: '>= 10'}
    cpu: [x64]
    os: [linux]

  '@ast-grep/napi-linux-x64-musl@0.32.3':
    resolution: {integrity: sha512-894fQNqBDUfCP/qYbrPcK6+tMTEskc+vV2IKOKqgCfDryeptaiJJTJL9+Vbj38rO1LWhY8MIZ8W5ZyjxuhDRBA==}
    engines: {node: '>= 10'}
    cpu: [x64]
    os: [linux]

  '@ast-grep/napi-win32-arm64-msvc@0.32.3':
    resolution: {integrity: sha512-T8nrZm3E+h2VgHuQ3THQLvqhou4MkSbNcyIOgLZ0l2NatHIckeHuly5fmnkd6KQsGP/AqAEGxZBoOVYvoDl7DA==}
    engines: {node: '>= 10'}
    cpu: [arm64]
    os: [win32]

  '@ast-grep/napi-win32-ia32-msvc@0.32.3':
    resolution: {integrity: sha512-40RdPWWgVLCx6gRSXfVXt3TuV6dZQE8K74whq56+nliJqA4TA1QCrNtbX9keFvb1JDc/iOUKc4PKA3A7TGHANQ==}
    engines: {node: '>= 10'}
    cpu: [ia32]
    os: [win32]

  '@ast-grep/napi-win32-x64-msvc@0.32.3':
    resolution: {integrity: sha512-4VKmBFhT0M8s1LbAXemPDnHyAjEi5owkqkz85akvic9u6vRI0evRk8j2sHmgEBXwyySLUHf0NfI0XqwZ0mAl7g==}
    engines: {node: '>= 10'}
    cpu: [x64]
    os: [win32]

  '@ast-grep/napi@0.32.3':
    resolution: {integrity: sha512-EdgX3gnDGkKMeofSYQlmPccjnxmGGQoEKL7pVQUmenLrsUBXXcjY//6J0LJApfIzNCknjQkfWpj1IbWDkl66Iw==}
    engines: {node: '>= 10'}

  '@esbuild/aix-ppc64@0.25.1':
    resolution: {integrity: sha512-kfYGy8IdzTGy+z0vFGvExZtxkFlA4zAxgKEahG9KE1ScBjpQnFsNOX8KTU5ojNru5ed5CVoJYXFtoxaq5nFbjQ==}
    engines: {node: '>=18'}
    cpu: [ppc64]
    os: [aix]

  '@esbuild/android-arm64@0.25.1':
    resolution: {integrity: sha512-50tM0zCJW5kGqgG7fQ7IHvQOcAn9TKiVRuQ/lN0xR+T2lzEFvAi1ZcS8DiksFcEpf1t/GYOeOfCAgDHFpkiSmA==}
    engines: {node: '>=18'}
    cpu: [arm64]
    os: [android]

  '@esbuild/android-arm@0.25.1':
    resolution: {integrity: sha512-dp+MshLYux6j/JjdqVLnMglQlFu+MuVeNrmT5nk6q07wNhCdSnB7QZj+7G8VMUGh1q+vj2Bq8kRsuyA00I/k+Q==}
    engines: {node: '>=18'}
    cpu: [arm]
    os: [android]

  '@esbuild/android-x64@0.25.1':
    resolution: {integrity: sha512-GCj6WfUtNldqUzYkN/ITtlhwQqGWu9S45vUXs7EIYf+7rCiiqH9bCloatO9VhxsL0Pji+PF4Lz2XXCES+Q8hDw==}
    engines: {node: '>=18'}
    cpu: [x64]
    os: [android]

  '@esbuild/darwin-arm64@0.25.1':
    resolution: {integrity: sha512-5hEZKPf+nQjYoSr/elb62U19/l1mZDdqidGfmFutVUjjUZrOazAtwK+Kr+3y0C/oeJfLlxo9fXb1w7L+P7E4FQ==}
    engines: {node: '>=18'}
    cpu: [arm64]
    os: [darwin]

  '@esbuild/darwin-x64@0.25.1':
    resolution: {integrity: sha512-hxVnwL2Dqs3fM1IWq8Iezh0cX7ZGdVhbTfnOy5uURtao5OIVCEyj9xIzemDi7sRvKsuSdtCAhMKarxqtlyVyfA==}
    engines: {node: '>=18'}
    cpu: [x64]
    os: [darwin]

  '@esbuild/freebsd-arm64@0.25.1':
    resolution: {integrity: sha512-1MrCZs0fZa2g8E+FUo2ipw6jw5qqQiH+tERoS5fAfKnRx6NXH31tXBKI3VpmLijLH6yriMZsxJtaXUyFt/8Y4A==}
    engines: {node: '>=18'}
    cpu: [arm64]
    os: [freebsd]

  '@esbuild/freebsd-x64@0.25.1':
    resolution: {integrity: sha512-0IZWLiTyz7nm0xuIs0q1Y3QWJC52R8aSXxe40VUxm6BB1RNmkODtW6LHvWRrGiICulcX7ZvyH6h5fqdLu4gkww==}
    engines: {node: '>=18'}
    cpu: [x64]
    os: [freebsd]

  '@esbuild/linux-arm64@0.25.1':
    resolution: {integrity: sha512-jaN3dHi0/DDPelk0nLcXRm1q7DNJpjXy7yWaWvbfkPvI+7XNSc/lDOnCLN7gzsyzgu6qSAmgSvP9oXAhP973uQ==}
    engines: {node: '>=18'}
    cpu: [arm64]
    os: [linux]

  '@esbuild/linux-arm@0.25.1':
    resolution: {integrity: sha512-NdKOhS4u7JhDKw9G3cY6sWqFcnLITn6SqivVArbzIaf3cemShqfLGHYMx8Xlm/lBit3/5d7kXvriTUGa5YViuQ==}
    engines: {node: '>=18'}
    cpu: [arm]
    os: [linux]

  '@esbuild/linux-ia32@0.25.1':
    resolution: {integrity: sha512-OJykPaF4v8JidKNGz8c/q1lBO44sQNUQtq1KktJXdBLn1hPod5rE/Hko5ugKKZd+D2+o1a9MFGUEIUwO2YfgkQ==}
    engines: {node: '>=18'}
    cpu: [ia32]
    os: [linux]

  '@esbuild/linux-loong64@0.25.1':
    resolution: {integrity: sha512-nGfornQj4dzcq5Vp835oM/o21UMlXzn79KobKlcs3Wz9smwiifknLy4xDCLUU0BWp7b/houtdrgUz7nOGnfIYg==}
    engines: {node: '>=18'}
    cpu: [loong64]
    os: [linux]

  '@esbuild/linux-mips64el@0.25.1':
    resolution: {integrity: sha512-1osBbPEFYwIE5IVB/0g2X6i1qInZa1aIoj1TdL4AaAb55xIIgbg8Doq6a5BzYWgr+tEcDzYH67XVnTmUzL+nXg==}
    engines: {node: '>=18'}
    cpu: [mips64el]
    os: [linux]

  '@esbuild/linux-ppc64@0.25.1':
    resolution: {integrity: sha512-/6VBJOwUf3TdTvJZ82qF3tbLuWsscd7/1w+D9LH0W/SqUgM5/JJD0lrJ1fVIfZsqB6RFmLCe0Xz3fmZc3WtyVg==}
    engines: {node: '>=18'}
    cpu: [ppc64]
    os: [linux]

  '@esbuild/linux-riscv64@0.25.1':
    resolution: {integrity: sha512-nSut/Mx5gnilhcq2yIMLMe3Wl4FK5wx/o0QuuCLMtmJn+WeWYoEGDN1ipcN72g1WHsnIbxGXd4i/MF0gTcuAjQ==}
    engines: {node: '>=18'}
    cpu: [riscv64]
    os: [linux]

  '@esbuild/linux-s390x@0.25.1':
    resolution: {integrity: sha512-cEECeLlJNfT8kZHqLarDBQso9a27o2Zd2AQ8USAEoGtejOrCYHNtKP8XQhMDJMtthdF4GBmjR2au3x1udADQQQ==}
    engines: {node: '>=18'}
    cpu: [s390x]
    os: [linux]

  '@esbuild/linux-x64@0.25.1':
    resolution: {integrity: sha512-xbfUhu/gnvSEg+EGovRc+kjBAkrvtk38RlerAzQxvMzlB4fXpCFCeUAYzJvrnhFtdeyVCDANSjJvOvGYoeKzFA==}
    engines: {node: '>=18'}
    cpu: [x64]
    os: [linux]

  '@esbuild/netbsd-arm64@0.25.1':
    resolution: {integrity: sha512-O96poM2XGhLtpTh+s4+nP7YCCAfb4tJNRVZHfIE7dgmax+yMP2WgMd2OecBuaATHKTHsLWHQeuaxMRnCsH8+5g==}
    engines: {node: '>=18'}
    cpu: [arm64]
    os: [netbsd]

  '@esbuild/netbsd-x64@0.25.1':
    resolution: {integrity: sha512-X53z6uXip6KFXBQ+Krbx25XHV/NCbzryM6ehOAeAil7X7oa4XIq+394PWGnwaSQ2WRA0KI6PUO6hTO5zeF5ijA==}
    engines: {node: '>=18'}
    cpu: [x64]
    os: [netbsd]

  '@esbuild/openbsd-arm64@0.25.1':
    resolution: {integrity: sha512-Na9T3szbXezdzM/Kfs3GcRQNjHzM6GzFBeU1/6IV/npKP5ORtp9zbQjvkDJ47s6BCgaAZnnnu/cY1x342+MvZg==}
    engines: {node: '>=18'}
    cpu: [arm64]
    os: [openbsd]

  '@esbuild/openbsd-x64@0.25.1':
    resolution: {integrity: sha512-T3H78X2h1tszfRSf+txbt5aOp/e7TAz3ptVKu9Oyir3IAOFPGV6O9c2naym5TOriy1l0nNf6a4X5UXRZSGX/dw==}
    engines: {node: '>=18'}
    cpu: [x64]
    os: [openbsd]

  '@esbuild/sunos-x64@0.25.1':
    resolution: {integrity: sha512-2H3RUvcmULO7dIE5EWJH8eubZAI4xw54H1ilJnRNZdeo8dTADEZ21w6J22XBkXqGJbe0+wnNJtw3UXRoLJnFEg==}
    engines: {node: '>=18'}
    cpu: [x64]
    os: [sunos]

  '@esbuild/win32-arm64@0.25.1':
    resolution: {integrity: sha512-GE7XvrdOzrb+yVKB9KsRMq+7a2U/K5Cf/8grVFRAGJmfADr/e/ODQ134RK2/eeHqYV5eQRFxb1hY7Nr15fv1NQ==}
    engines: {node: '>=18'}
    cpu: [arm64]
    os: [win32]

  '@esbuild/win32-ia32@0.25.1':
    resolution: {integrity: sha512-uOxSJCIcavSiT6UnBhBzE8wy3n0hOkJsBOzy7HDAuTDE++1DJMRRVCPGisULScHL+a/ZwdXPpXD3IyFKjA7K8A==}
    engines: {node: '>=18'}
    cpu: [ia32]
    os: [win32]

  '@esbuild/win32-x64@0.25.1':
    resolution: {integrity: sha512-Y1EQdcfwMSeQN/ujR5VayLOJ1BHaK+ssyk0AEzPjC+t1lITgsnccPqFjb6V+LsTp/9Iov4ysfjxLaGJ9RPtkVg==}
    engines: {node: '>=18'}
    cpu: [x64]
    os: [win32]

  '@jridgewell/sourcemap-codec@1.5.0':
    resolution: {integrity: sha512-gv3ZRaISU3fjPAgNsriBRqGWQL6quFx04YMPW/zD8XMLsU32mhCCbfbO6KZFLjvYpCZ8zyDEgqsgf+PwPaM7GQ==}

  '@remix-run/router@1.23.0':
    resolution: {integrity: sha512-O3rHJzAQKamUz1fvE0Qaw0xSFqsA/yafi2iqeE0pvdFtCO1viYx8QL6f3Ln/aCCTLxs68SLf0KPM9eSeM8yBnA==}
    engines: {node: '>=14.0.0'}

  '@rollup/rollup-android-arm-eabi@4.35.0':
    resolution: {integrity: sha512-uYQ2WfPaqz5QtVgMxfN6NpLD+no0MYHDBywl7itPYd3K5TjjSghNKmX8ic9S8NU8w81NVhJv/XojcHptRly7qQ==}
    cpu: [arm]
    os: [android]

  '@rollup/rollup-android-arm64@4.35.0':
    resolution: {integrity: sha512-FtKddj9XZudurLhdJnBl9fl6BwCJ3ky8riCXjEw3/UIbjmIY58ppWwPEvU3fNu+W7FUsAsB1CdH+7EQE6CXAPA==}
    cpu: [arm64]
    os: [android]

  '@rollup/rollup-darwin-arm64@4.35.0':
    resolution: {integrity: sha512-Uk+GjOJR6CY844/q6r5DR/6lkPFOw0hjfOIzVx22THJXMxktXG6CbejseJFznU8vHcEBLpiXKY3/6xc+cBm65Q==}
    cpu: [arm64]
    os: [darwin]

  '@rollup/rollup-darwin-x64@4.35.0':
    resolution: {integrity: sha512-3IrHjfAS6Vkp+5bISNQnPogRAW5GAV1n+bNCrDwXmfMHbPl5EhTmWtfmwlJxFRUCBZ+tZ/OxDyU08aF6NI/N5Q==}
    cpu: [x64]
    os: [darwin]

  '@rollup/rollup-freebsd-arm64@4.35.0':
    resolution: {integrity: sha512-sxjoD/6F9cDLSELuLNnY0fOrM9WA0KrM0vWm57XhrIMf5FGiN8D0l7fn+bpUeBSU7dCgPV2oX4zHAsAXyHFGcQ==}
    cpu: [arm64]
    os: [freebsd]

  '@rollup/rollup-freebsd-x64@4.35.0':
    resolution: {integrity: sha512-2mpHCeRuD1u/2kruUiHSsnjWtHjqVbzhBkNVQ1aVD63CcexKVcQGwJ2g5VphOd84GvxfSvnnlEyBtQCE5hxVVw==}
    cpu: [x64]
    os: [freebsd]

  '@rollup/rollup-linux-arm-gnueabihf@4.35.0':
    resolution: {integrity: sha512-mrA0v3QMy6ZSvEuLs0dMxcO2LnaCONs1Z73GUDBHWbY8tFFocM6yl7YyMu7rz4zS81NDSqhrUuolyZXGi8TEqg==}
    cpu: [arm]
    os: [linux]

  '@rollup/rollup-linux-arm-musleabihf@4.35.0':
    resolution: {integrity: sha512-DnYhhzcvTAKNexIql8pFajr0PiDGrIsBYPRvCKlA5ixSS3uwo/CWNZxB09jhIapEIg945KOzcYEAGGSmTSpk7A==}
    cpu: [arm]
    os: [linux]

  '@rollup/rollup-linux-arm64-gnu@4.35.0':
    resolution: {integrity: sha512-uagpnH2M2g2b5iLsCTZ35CL1FgyuzzJQ8L9VtlJ+FckBXroTwNOaD0z0/UF+k5K3aNQjbm8LIVpxykUOQt1m/A==}
    cpu: [arm64]
    os: [linux]

  '@rollup/rollup-linux-arm64-musl@4.35.0':
    resolution: {integrity: sha512-XQxVOCd6VJeHQA/7YcqyV0/88N6ysSVzRjJ9I9UA/xXpEsjvAgDTgH3wQYz5bmr7SPtVK2TsP2fQ2N9L4ukoUg==}
    cpu: [arm64]
    os: [linux]

  '@rollup/rollup-linux-loongarch64-gnu@4.35.0':
    resolution: {integrity: sha512-5pMT5PzfgwcXEwOaSrqVsz/LvjDZt+vQ8RT/70yhPU06PTuq8WaHhfT1LW+cdD7mW6i/J5/XIkX/1tCAkh1W6g==}
    cpu: [loong64]
    os: [linux]

  '@rollup/rollup-linux-powerpc64le-gnu@4.35.0':
    resolution: {integrity: sha512-c+zkcvbhbXF98f4CtEIP1EBA/lCic5xB0lToneZYvMeKu5Kamq3O8gqrxiYYLzlZH6E3Aq+TSW86E4ay8iD8EA==}
    cpu: [ppc64]
    os: [linux]

  '@rollup/rollup-linux-riscv64-gnu@4.35.0':
    resolution: {integrity: sha512-s91fuAHdOwH/Tad2tzTtPX7UZyytHIRR6V4+2IGlV0Cej5rkG0R61SX4l4y9sh0JBibMiploZx3oHKPnQBKe4g==}
    cpu: [riscv64]
    os: [linux]

  '@rollup/rollup-linux-s390x-gnu@4.35.0':
    resolution: {integrity: sha512-hQRkPQPLYJZYGP+Hj4fR9dDBMIM7zrzJDWFEMPdTnTy95Ljnv0/4w/ixFw3pTBMEuuEuoqtBINYND4M7ujcuQw==}
    cpu: [s390x]
    os: [linux]

  '@rollup/rollup-linux-x64-gnu@4.35.0':
    resolution: {integrity: sha512-Pim1T8rXOri+0HmV4CdKSGrqcBWX0d1HoPnQ0uw0bdp1aP5SdQVNBy8LjYncvnLgu3fnnCt17xjWGd4cqh8/hA==}
    cpu: [x64]
    os: [linux]

  '@rollup/rollup-linux-x64-musl@4.35.0':
    resolution: {integrity: sha512-QysqXzYiDvQWfUiTm8XmJNO2zm9yC9P/2Gkrwg2dH9cxotQzunBHYr6jk4SujCTqnfGxduOmQcI7c2ryuW8XVg==}
    cpu: [x64]
    os: [linux]

  '@rollup/rollup-win32-arm64-msvc@4.35.0':
    resolution: {integrity: sha512-OUOlGqPkVJCdJETKOCEf1mw848ZyJ5w50/rZ/3IBQVdLfR5jk/6Sr5m3iO2tdPgwo0x7VcncYuOvMhBWZq8ayg==}
    cpu: [arm64]
    os: [win32]

  '@rollup/rollup-win32-ia32-msvc@4.35.0':
    resolution: {integrity: sha512-2/lsgejMrtwQe44glq7AFFHLfJBPafpsTa6JvP2NGef/ifOa4KBoglVf7AKN7EV9o32evBPRqfg96fEHzWo5kw==}
    cpu: [ia32]
    os: [win32]

  '@rollup/rollup-win32-x64-msvc@4.35.0':
    resolution: {integrity: sha512-PIQeY5XDkrOysbQblSW7v3l1MDZzkTEzAfTPkj5VAu3FW8fS4ynyLg2sINp0fp3SjZ8xkRYpLqoKcYqAkhU1dw==}
    cpu: [x64]
    os: [win32]

  '@types/estree@1.0.6':
    resolution: {integrity: sha512-AYnb1nQyY49te+VRAVgmzfcgjYS91mY5P0TKUDCLEM+gNnA+3T6rWITXRLYCpahpqSQbN5cE+gHpnPyXjHWxcw==}

  '@types/prop-types@15.7.14':
    resolution: {integrity: sha512-gNMvNH49DJ7OJYv+KAKn0Xp45p8PLl6zo2YnvDIbTd4J6MER2BmWN49TG7n9LvkyihINxeKW8+3bfS2yDC9dzQ==}

  '@types/react-dom@18.3.5':
    resolution: {integrity: sha512-P4t6saawp+b/dFrUr2cvkVsfvPguwsxtH6dNIYRllMsefqFzkZk5UIjzyDOv5g1dXIPdG4Sp1yCR4Z6RCUsG/Q==}
    peerDependencies:
      '@types/react': ^18.0.0

  '@types/react@18.3.18':
    resolution: {integrity: sha512-t4yC+vtgnkYjNSKlFx1jkAhH8LgTo2N/7Qvi83kdEaUtMDiwpbLAktKDaAMlRcJ5eSxZkH74eEGt1ky31d7kfQ==}

  csstype@3.1.3:
    resolution: {integrity: sha512-M1uQkMl8rQK/szD0LNhtqxIPLpimGm8sOBwU7lLnCpSbTyY3yeU1Vc7l4KT5zT4s/yOxHH5O7tIuuLOCnLADRw==}

  esbuild@0.25.1:
    resolution: {integrity: sha512-BGO5LtrGC7vxnqucAe/rmvKdJllfGaYWdyABvyMoXQlfYMb2bbRuReWR5tEGE//4LcNJj9XrkovTqNYRFZHAMQ==}
    engines: {node: '>=18'}
    hasBin: true

  fsevents@2.3.3:
    resolution: {integrity: sha512-5xoDfX+fL7faATnagmWPpbFtwh/R77WmMMqqHGS65C3vvB0YHrgF+B1YmZ3441tMj5n63k0212XNoJwzlhffQw==}
    engines: {node: ^8.16.0 || ^10.6.0 || >=11.0.0}
    os: [darwin]

  js-tokens@4.0.0:
    resolution: {integrity: sha512-RdJUflcE3cUzKiMqQgsCu06FPu9UdIJO0beYbPhHN4k6apgJtifcoCtT9bcxOpYBtpD2kCM6Sbzg4CausW/PKQ==}

  loose-envify@1.4.0:
    resolution: {integrity: sha512-lyuxPGr/Wfhrlem2CL/UcnUc1zcqKAImBDzukY7Y5F/yQiNdko6+fRLevlw1HgMySw7f611UIY408EtxRSoK3Q==}
    hasBin: true

  magic-string@0.30.17:
    resolution: {integrity: sha512-sNPKHvyjVf7gyjwS4xGTaW/mCnF8wnjtifKBEhxfZ7E/S8tQ0rssrwGNn6q8JH/ohItJfSQp9mBtQYuTlH5QnA==}

  nanoid@3.3.10:
    resolution: {integrity: sha512-vSJJTG+t/dIKAUhUDw/dLdZ9s//5OxcHqLaDWWrW4Cdq7o6tdLIczUkMXt2MBNmk6sJRZBZRXVixs7URY1CmIg==}
    engines: {node: ^10 || ^12 || ^13.7 || ^14 || >=15.0.1}
    hasBin: true

  path-browserify@1.0.1:
    resolution: {integrity: sha512-b7uo2UCUOYZcnF/3ID0lulOJi/bafxa1xPe7ZPsammBSpjSWQkjNxlt635YGS2MiR9GjvuXCtz2emr3jbsz98g==}

  picocolors@1.1.1:
    resolution: {integrity: sha512-xceH2snhtb5M9liqDsmEw56le376mTZkEX/jEb/RxNFyegNul7eNslCXP9FDj/Lcu0X8KEyMceP2ntpaHrDEVA==}

  postcss@8.5.3:
    resolution: {integrity: sha512-dle9A3yYxlBSrt8Fu+IpjGT8SY8hN0mlaA6GY8t0P5PjIOZemULz/E2Bnm/2dcUOena75OTNkHI76uZBNUUq3A==}
    engines: {node: ^10 || ^12 || >=14}

  react-dom@18.3.1:
    resolution: {integrity: sha512-5m4nQKp+rZRb09LNH59GM4BxTh9251/ylbKIbpe7TpGxfJ+9kv6BLkLBXIjjspbgbnIBNqlI23tRnTWT0snUIw==}
    peerDependencies:
      react: ^18.3.1

  react-router-dom@6.30.0:
    resolution: {integrity: sha512-x30B78HV5tFk8ex0ITwzC9TTZMua4jGyA9IUlH1JLQYQTFyxr/ZxwOJq7evg1JX1qGVUcvhsmQSKdPncQrjTgA==}
    engines: {node: '>=14.0.0'}
    peerDependencies:
      react: '>=16.8'
      react-dom: '>=16.8'

  react-router@6.30.0:
    resolution: {integrity: sha512-D3X8FyH9nBcTSHGdEKurK7r8OYE1kKFn3d/CF+CoxbSHkxU7o37+Uh7eAHRXr6k2tSExXYO++07PeXJtA/dEhQ==}
    engines: {node: '>=14.0.0'}
    peerDependencies:
      react: '>=16.8'

  react@18.3.1:
    resolution: {integrity: sha512-wS+hAgJShR0KhEvPJArfuPVN1+Hz1t0Y6n5jLrGQbkb4urgPE/0Rve+1kMB1v/oWgHgm4WIcV+i7F2pTVj+2iQ==}
    engines: {node: '>=0.10.0'}

  rollup@4.35.0:
    resolution: {integrity: sha512-kg6oI4g+vc41vePJyO6dHt/yl0Rz3Thv0kJeVQ3D1kS3E5XSuKbPc29G4IpT/Kv1KQwgHVcN+HtyS+HYLNSvQg==}
    engines: {node: '>=18.0.0', npm: '>=8.0.0'}
    hasBin: true

  scheduler@0.23.2:
    resolution: {integrity: sha512-UOShsPwz7NrMUqhR6t0hWjFduvOzbtv7toDH1/hIrfRNIDBnnBWd0CwJTGvTpngVlmwGCdP9/Zl/tVrDqcuYzQ==}

  source-map-js@1.2.1:
    resolution: {integrity: sha512-UXWMKhLOwVKb728IUtQPXxfYU+usdybtUrK/8uGE8CQMvrhOpwvzDBwj0QhSL7MQc7vIsISBG8VQ8+IDQxpfQA==}
    engines: {node: '>=0.10.0'}

  vite-plugin-lib-inject-css@2.2.1:
    resolution: {integrity: sha512-PW3n/zRacr7bwNagHOnJfaVLoZyGDCPuFMJTyTFqjk4Xi0HKd1cK5+WlBidBBeWK8QE3SV0i+FsWmN+frBLCVQ==}
    peerDependencies:
      vite: '*'

  vite@6.2.2:
    resolution: {integrity: sha512-yW7PeMM+LkDzc7CgJuRLMW2Jz0FxMOsVJ8Lv3gpgW9WLcb9cTW+121UEr1hvmfR7w3SegR5ItvYyzVz1vxNJgQ==}
    engines: {node: ^18.0.0 || ^20.0.0 || >=22.0.0}
    hasBin: true
    peerDependencies:
      '@types/node': ^18.0.0 || ^20.0.0 || >=22.0.0
      jiti: '>=1.21.0'
      less: '*'
      lightningcss: ^1.21.0
      sass: '*'
      sass-embedded: '*'
      stylus: '*'
      sugarss: '*'
      terser: ^5.16.0
      tsx: ^4.8.1
      yaml: ^2.4.2
    peerDependenciesMeta:
      '@types/node':
        optional: true
      jiti:
        optional: true
      less:
        optional: true
      lightningcss:
        optional: true
      sass:
        optional: true
      sass-embedded:
        optional: true
      stylus:
        optional: true
      sugarss:
        optional: true
      terser:
        optional: true
      tsx:
        optional: true
      yaml:
        optional: true

  zod@3.24.2:
    resolution: {integrity: sha512-lY7CDW43ECgW9u1TcT3IoXHflywfVqDYze4waEz812jR/bZ8FHDsl7pFQoSZTz5N+2NqRXs8GBwnAwo3ZNxqhQ==}

snapshots:

  '@ast-grep/napi-darwin-arm64@0.32.3':
    optional: true

  '@ast-grep/napi-darwin-x64@0.32.3':
    optional: true

  '@ast-grep/napi-linux-arm64-gnu@0.32.3':
    optional: true

  '@ast-grep/napi-linux-arm64-musl@0.32.3':
    optional: true

  '@ast-grep/napi-linux-x64-gnu@0.32.3':
    optional: true

  '@ast-grep/napi-linux-x64-musl@0.32.3':
    optional: true

  '@ast-grep/napi-win32-arm64-msvc@0.32.3':
    optional: true

  '@ast-grep/napi-win32-ia32-msvc@0.32.3':
    optional: true

  '@ast-grep/napi-win32-x64-msvc@0.32.3':
    optional: true

  '@ast-grep/napi@0.32.3':
    optionalDependencies:
      '@ast-grep/napi-darwin-arm64': 0.32.3
      '@ast-grep/napi-darwin-x64': 0.32.3
      '@ast-grep/napi-linux-arm64-gnu': 0.32.3
      '@ast-grep/napi-linux-arm64-musl': 0.32.3
      '@ast-grep/napi-linux-x64-gnu': 0.32.3
      '@ast-grep/napi-linux-x64-musl': 0.32.3
      '@ast-grep/napi-win32-arm64-msvc': 0.32.3
      '@ast-grep/napi-win32-ia32-msvc': 0.32.3
      '@ast-grep/napi-win32-x64-msvc': 0.32.3

  '@esbuild/aix-ppc64@0.25.1':
    optional: true

  '@esbuild/android-arm64@0.25.1':
    optional: true

  '@esbuild/android-arm@0.25.1':
    optional: true

  '@esbuild/android-x64@0.25.1':
    optional: true

  '@esbuild/darwin-arm64@0.25.1':
    optional: true

  '@esbuild/darwin-x64@0.25.1':
    optional: true

  '@esbuild/freebsd-arm64@0.25.1':
    optional: true

  '@esbuild/freebsd-x64@0.25.1':
    optional: true

  '@esbuild/linux-arm64@0.25.1':
    optional: true

  '@esbuild/linux-arm@0.25.1':
    optional: true

  '@esbuild/linux-ia32@0.25.1':
    optional: true

  '@esbuild/linux-loong64@0.25.1':
    optional: true

  '@esbuild/linux-mips64el@0.25.1':
    optional: true

  '@esbuild/linux-ppc64@0.25.1':
    optional: true

  '@esbuild/linux-riscv64@0.25.1':
    optional: true

  '@esbuild/linux-s390x@0.25.1':
    optional: true

  '@esbuild/linux-x64@0.25.1':
    optional: true

  '@esbuild/netbsd-arm64@0.25.1':
    optional: true

  '@esbuild/netbsd-x64@0.25.1':
    optional: true

  '@esbuild/openbsd-arm64@0.25.1':
    optional: true

  '@esbuild/openbsd-x64@0.25.1':
    optional: true

  '@esbuild/sunos-x64@0.25.1':
    optional: true

  '@esbuild/win32-arm64@0.25.1':
    optional: true

  '@esbuild/win32-ia32@0.25.1':
    optional: true

  '@esbuild/win32-x64@0.25.1':
    optional: true

  '@jridgewell/sourcemap-codec@1.5.0': {}

  '@remix-run/router@1.23.0': {}

  '@rollup/rollup-android-arm-eabi@4.35.0':
    optional: true

  '@rollup/rollup-android-arm64@4.35.0':
    optional: true

  '@rollup/rollup-darwin-arm64@4.35.0':
    optional: true

  '@rollup/rollup-darwin-x64@4.35.0':
    optional: true

  '@rollup/rollup-freebsd-arm64@4.35.0':
    optional: true

  '@rollup/rollup-freebsd-x64@4.35.0':
    optional: true

  '@rollup/rollup-linux-arm-gnueabihf@4.35.0':
    optional: true

  '@rollup/rollup-linux-arm-musleabihf@4.35.0':
    optional: true

  '@rollup/rollup-linux-arm64-gnu@4.35.0':
    optional: true

  '@rollup/rollup-linux-arm64-musl@4.35.0':
    optional: true

  '@rollup/rollup-linux-loongarch64-gnu@4.35.0':
    optional: true

  '@rollup/rollup-linux-powerpc64le-gnu@4.35.0':
    optional: true

  '@rollup/rollup-linux-riscv64-gnu@4.35.0':
    optional: true

  '@rollup/rollup-linux-s390x-gnu@4.35.0':
    optional: true

  '@rollup/rollup-linux-x64-gnu@4.35.0':
    optional: true

  '@rollup/rollup-linux-x64-musl@4.35.0':
    optional: true

  '@rollup/rollup-win32-arm64-msvc@4.35.0':
    optional: true

  '@rollup/rollup-win32-ia32-msvc@4.35.0':
    optional: true

  '@rollup/rollup-win32-x64-msvc@4.35.0':
    optional: true

  '@types/estree@1.0.6': {}

  '@types/prop-types@15.7.14': {}

  '@types/react-dom@18.3.5(@types/react@18.3.18)':
    dependencies:
      '@types/react': 18.3.18

  '@types/react@18.3.18':
    dependencies:
      '@types/prop-types': 15.7.14
      csstype: 3.1.3

  csstype@3.1.3: {}

  esbuild@0.25.1:
    optionalDependencies:
      '@esbuild/aix-ppc64': 0.25.1
      '@esbuild/android-arm': 0.25.1
      '@esbuild/android-arm64': 0.25.1
      '@esbuild/android-x64': 0.25.1
      '@esbuild/darwin-arm64': 0.25.1
      '@esbuild/darwin-x64': 0.25.1
      '@esbuild/freebsd-arm64': 0.25.1
      '@esbuild/freebsd-x64': 0.25.1
      '@esbuild/linux-arm': 0.25.1
      '@esbuild/linux-arm64': 0.25.1
      '@esbuild/linux-ia32': 0.25.1
      '@esbuild/linux-loong64': 0.25.1
      '@esbuild/linux-mips64el': 0.25.1
      '@esbuild/linux-ppc64': 0.25.1
      '@esbuild/linux-riscv64': 0.25.1
      '@esbuild/linux-s390x': 0.25.1
      '@esbuild/linux-x64': 0.25.1
      '@esbuild/netbsd-arm64': 0.25.1
      '@esbuild/netbsd-x64': 0.25.1
      '@esbuild/openbsd-arm64': 0.25.1
      '@esbuild/openbsd-x64': 0.25.1
      '@esbuild/sunos-x64': 0.25.1
      '@esbuild/win32-arm64': 0.25.1
      '@esbuild/win32-ia32': 0.25.1
      '@esbuild/win32-x64': 0.25.1

  fsevents@2.3.3:
    optional: true

  js-tokens@4.0.0: {}

  loose-envify@1.4.0:
    dependencies:
      js-tokens: 4.0.0

  magic-string@0.30.17:
    dependencies:
      '@jridgewell/sourcemap-codec': 1.5.0

  nanoid@3.3.10: {}

  path-browserify@1.0.1: {}

  picocolors@1.1.1: {}

  postcss@8.5.3:
    dependencies:
      nanoid: 3.3.10
      picocolors: 1.1.1
      source-map-js: 1.2.1

  react-dom@18.3.1(react@18.3.1):
    dependencies:
      loose-envify: 1.4.0
      react: 18.3.1
      scheduler: 0.23.2

  react-router-dom@6.30.0(react-dom@18.3.1(react@18.3.1))(react@18.3.1):
    dependencies:
      '@remix-run/router': 1.23.0
      react: 18.3.1
      react-dom: 18.3.1(react@18.3.1)
      react-router: 6.30.0(react@18.3.1)

  react-router@6.30.0(react@18.3.1):
    dependencies:
      '@remix-run/router': 1.23.0
      react: 18.3.1

  react@18.3.1:
    dependencies:
      loose-envify: 1.4.0

  rollup@4.35.0:
    dependencies:
      '@types/estree': 1.0.6
    optionalDependencies:
      '@rollup/rollup-android-arm-eabi': 4.35.0
      '@rollup/rollup-android-arm64': 4.35.0
      '@rollup/rollup-darwin-arm64': 4.35.0
      '@rollup/rollup-darwin-x64': 4.35.0
      '@rollup/rollup-freebsd-arm64': 4.35.0
      '@rollup/rollup-freebsd-x64': 4.35.0
      '@rollup/rollup-linux-arm-gnueabihf': 4.35.0
      '@rollup/rollup-linux-arm-musleabihf': 4.35.0
      '@rollup/rollup-linux-arm64-gnu': 4.35.0
      '@rollup/rollup-linux-arm64-musl': 4.35.0
      '@rollup/rollup-linux-loongarch64-gnu': 4.35.0
      '@rollup/rollup-linux-powerpc64le-gnu': 4.35.0
      '@rollup/rollup-linux-riscv64-gnu': 4.35.0
      '@rollup/rollup-linux-s390x-gnu': 4.35.0
      '@rollup/rollup-linux-x64-gnu': 4.35.0
      '@rollup/rollup-linux-x64-musl': 4.35.0
      '@rollup/rollup-win32-arm64-msvc': 4.35.0
      '@rollup/rollup-win32-ia32-msvc': 4.35.0
      '@rollup/rollup-win32-x64-msvc': 4.35.0
      fsevents: 2.3.3

  scheduler@0.23.2:
    dependencies:
      loose-envify: 1.4.0

  source-map-js@1.2.1: {}

  vite-plugin-lib-inject-css@2.2.1(vite@6.2.2):
    dependencies:
      '@ast-grep/napi': 0.32.3
      magic-string: 0.30.17
      picocolors: 1.1.1
      vite: 6.2.2

  vite@6.2.2:
    dependencies:
      esbuild: 0.25.1
      postcss: 8.5.3
      rollup: 4.35.0
    optionalDependencies:
      fsevents: 2.3.3

  zod@3.24.2: {}
