# THIS IS AN AUTOGENERATED FILE. DO NOT EDIT THIS FILE DIRECTLY.
# yarn lockfile v1


"@ast-grep/napi-darwin-arm64@0.32.3":
  version "0.32.3"
  resolved "https://registry.yarnpkg.com/@ast-grep/napi-darwin-arm64/-/napi-darwin-arm64-0.32.3.tgz#6165c6605af2f793ad9b174fdd03fcac2e3e95c0"
  integrity sha512-Ifh25Ra38+5TGvO48NVcJsRarBSqJ2ppN6J+Qc8Z19rKALYb61tsWj6oh0W1CTbsYQ/HJbIff//WkUDkY0wMMg==

"@ast-grep/napi-darwin-x64@0.32.3":
  version "0.32.3"
  resolved "https://registry.yarnpkg.com/@ast-grep/napi-darwin-x64/-/napi-darwin-x64-0.32.3.tgz#e41b3ff2978cd807b83dd6b7acd14de5f3918cf7"
  integrity sha512-jkuXgdvBTK7aTV7IojqMCUbHE4bzJzJ/adR0segW+BpU/uh/pxNuCZAal7E7KmWgSWVSS56UCOjS0OyibZKb7Q==

"@ast-grep/napi-linux-arm64-gnu@0.32.3":
  version "0.32.3"
  resolved "https://registry.yarnpkg.com/@ast-grep/napi-linux-arm64-gnu/-/napi-linux-arm64-gnu-0.32.3.tgz#a2f330ec4dc2149d13a46151e788dcde816fc88a"
  integrity sha512-Kso32W1K/+guK1Jkk33MpvVHhulaGF7lf6HW9Bc4VxRHWyZBXuhwwPOtf7+89qa2nEb0YyUxgQTnMUXbCKyYAQ==

"@ast-grep/napi-linux-arm64-musl@0.32.3":
  version "0.32.3"
  resolved "https://registry.yarnpkg.com/@ast-grep/napi-linux-arm64-musl/-/napi-linux-arm64-musl-0.32.3.tgz#96da7d076572640d5d7a676c3698c5d68616f6b2"
  integrity sha512-7+u7F5rzaV0/N5WdP2q+kGl3v+l8iGFRx4p7NUcbNumYqGDS2mkfRkaesRDSd7BH94ZulGtJnpmu3imX7spolQ==

"@ast-grep/napi-linux-x64-gnu@0.32.3":
  version "0.32.3"
  resolved "https://registry.yarnpkg.com/@ast-grep/napi-linux-x64-gnu/-/napi-linux-x64-gnu-0.32.3.tgz#52d9a7223aed0834ab7860774107e5861ce7c9e7"
  integrity sha512-XwUjw+W1QWDAPjx+Hsa8ZwONN3MDPINdRkRM6Q1vV3pl0p9YrMpwL72xrWQA1G7r7ej9BI1fLiXWB4YEOeYzJw==

"@ast-grep/napi-linux-x64-musl@0.32.3":
  version "0.32.3"
  resolved "https://registry.yarnpkg.com/@ast-grep/napi-linux-x64-musl/-/napi-linux-x64-musl-0.32.3.tgz#0e33990e99ac094ec7549917617c952b90a8f37b"
  integrity sha512-894fQNqBDUfCP/qYbrPcK6+tMTEskc+vV2IKOKqgCfDryeptaiJJTJL9+Vbj38rO1LWhY8MIZ8W5ZyjxuhDRBA==

"@ast-grep/napi-win32-arm64-msvc@0.32.3":
  version "0.32.3"
  resolved "https://registry.yarnpkg.com/@ast-grep/napi-win32-arm64-msvc/-/napi-win32-arm64-msvc-0.32.3.tgz#4aba139b22cb36aae81ac3134f015b4071fd279d"
  integrity sha512-T8nrZm3E+h2VgHuQ3THQLvqhou4MkSbNcyIOgLZ0l2NatHIckeHuly5fmnkd6KQsGP/AqAEGxZBoOVYvoDl7DA==

"@ast-grep/napi-win32-ia32-msvc@0.32.3":
  version "0.32.3"
  resolved "https://registry.yarnpkg.com/@ast-grep/napi-win32-ia32-msvc/-/napi-win32-ia32-msvc-0.32.3.tgz#8ebee6283aa243db05b562cbc4091c3ab6166c20"
  integrity sha512-40RdPWWgVLCx6gRSXfVXt3TuV6dZQE8K74whq56+nliJqA4TA1QCrNtbX9keFvb1JDc/iOUKc4PKA3A7TGHANQ==

"@ast-grep/napi-win32-x64-msvc@0.32.3":
  version "0.32.3"
  resolved "https://registry.yarnpkg.com/@ast-grep/napi-win32-x64-msvc/-/napi-win32-x64-msvc-0.32.3.tgz#e52e6faf29ec770d55c0b04315098488189e5b55"
  integrity sha512-4VKmBFhT0M8s1LbAXemPDnHyAjEi5owkqkz85akvic9u6vRI0evRk8j2sHmgEBXwyySLUHf0NfI0XqwZ0mAl7g==

"@ast-grep/napi@^0.32.2":
  version "0.32.3"
  resolved "https://registry.yarnpkg.com/@ast-grep/napi/-/napi-0.32.3.tgz#dcc7270aabce2b5a0cec1a331d31f2f80787b248"
  integrity sha512-EdgX3gnDGkKMeofSYQlmPccjnxmGGQoEKL7pVQUmenLrsUBXXcjY//6J0LJApfIzNCknjQkfWpj1IbWDkl66Iw==
  optionalDependencies:
    "@ast-grep/napi-darwin-arm64" "0.32.3"
    "@ast-grep/napi-darwin-x64" "0.32.3"
    "@ast-grep/napi-linux-arm64-gnu" "0.32.3"
    "@ast-grep/napi-linux-arm64-musl" "0.32.3"
    "@ast-grep/napi-linux-x64-gnu" "0.32.3"
    "@ast-grep/napi-linux-x64-musl" "0.32.3"
    "@ast-grep/napi-win32-arm64-msvc" "0.32.3"
    "@ast-grep/napi-win32-ia32-msvc" "0.32.3"
    "@ast-grep/napi-win32-x64-msvc" "0.32.3"

"@jridgewell/sourcemap-codec@^1.5.0":
  version "1.5.0"
  resolved "https://registry.yarnpkg.com/@jridgewell/sourcemap-codec/-/sourcemap-codec-1.5.0.tgz#3188bcb273a414b0d215fd22a58540b989b9409a"
  integrity sha512-gv3ZRaISU3fjPAgNsriBRqGWQL6quFx04YMPW/zD8XMLsU32mhCCbfbO6KZFLjvYpCZ8zyDEgqsgf+PwPaM7GQ==

"@remix-run/router@1.23.0":
  version "1.23.0"
  resolved "https://registry.yarnpkg.com/@remix-run/router/-/router-1.23.0.tgz#35390d0e7779626c026b11376da6789eb8389242"
  integrity sha512-O3rHJzAQKamUz1fvE0Qaw0xSFqsA/yafi2iqeE0pvdFtCO1viYx8QL6f3Ln/aCCTLxs68SLf0KPM9eSeM8yBnA==

"@types/prop-types@*":
  version "15.7.14"
  resolved "https://registry.yarnpkg.com/@types/prop-types/-/prop-types-15.7.14.tgz#1433419d73b2a7ebfc6918dcefd2ec0d5cd698f2"
  integrity sha512-gNMvNH49DJ7OJYv+KAKn0Xp45p8PLl6zo2YnvDIbTd4J6MER2BmWN49TG7n9LvkyihINxeKW8+3bfS2yDC9dzQ==

"@types/react-dom@^18.3.0":
  version "18.3.6"
  resolved "https://registry.yarnpkg.com/@types/react-dom/-/react-dom-18.3.6.tgz#fa59a5e9a33499a792af6c1130f55921ef49d268"
  integrity sha512-nf22//wEbKXusP6E9pfOCDwFdHAX4u172eaJI4YkDRQEZiorm6KfYnSC2SWLDMVWUOWPERmJnN0ujeAfTBLvrw==

"@types/react@^18.3.5":
  version "18.3.20"
  resolved "https://registry.yarnpkg.com/@types/react/-/react-18.3.20.tgz#b0dccda9d2f1bc24d2a04b1d0cb5d0b9a3576ad3"
  integrity sha512-IPaCZN7PShZK/3t6Q87pfTkRm6oLTd4vztyoj+cbHUF1g3FfVb2tFIL79uCRKEfv16AhqDMBywP2VW3KIZUvcg==
  dependencies:
    "@types/prop-types" "*"
    csstype "^3.0.2"

csstype@^3.0.2:
  version "3.1.3"
  resolved "https://registry.yarnpkg.com/csstype/-/csstype-3.1.3.tgz#d80ff294d114fb0e6ac500fbf85b60137d7eff81"
  integrity sha512-M1uQkMl8rQK/szD0LNhtqxIPLpimGm8sOBwU7lLnCpSbTyY3yeU1Vc7l4KT5zT4s/yOxHH5O7tIuuLOCnLADRw==

"js-tokens@^3.0.0 || ^4.0.0":
  version "4.0.0"
  resolved "https://registry.yarnpkg.com/js-tokens/-/js-tokens-4.0.0.tgz#19203fb59991df98e3a287050d4647cdeaf32499"
  integrity sha512-RdJUflcE3cUzKiMqQgsCu06FPu9UdIJO0beYbPhHN4k6apgJtifcoCtT9bcxOpYBtpD2kCM6Sbzg4CausW/PKQ==

loose-envify@^1.1.0:
  version "1.4.0"
  resolved "https://registry.yarnpkg.com/loose-envify/-/loose-envify-1.4.0.tgz#71ee51fa7be4caec1a63839f7e682d8132d30caf"
  integrity sha512-lyuxPGr/Wfhrlem2CL/UcnUc1zcqKAImBDzukY7Y5F/yQiNdko6+fRLevlw1HgMySw7f611UIY408EtxRSoK3Q==
  dependencies:
    js-tokens "^3.0.0 || ^4.0.0"

magic-string@^0.30.17:
  version "0.30.17"
  resolved "https://registry.yarnpkg.com/magic-string/-/magic-string-0.30.17.tgz#450a449673d2460e5bbcfba9a61916a1714c7453"
  integrity sha512-sNPKHvyjVf7gyjwS4xGTaW/mCnF8wnjtifKBEhxfZ7E/S8tQ0rssrwGNn6q8JH/ohItJfSQp9mBtQYuTlH5QnA==
  dependencies:
    "@jridgewell/sourcemap-codec" "^1.5.0"

path-browserify@^1.0.1:
  version "1.0.1"
  resolved "https://registry.yarnpkg.com/path-browserify/-/path-browserify-1.0.1.tgz#d98454a9c3753d5790860f16f68867b9e46be1fd"
  integrity sha512-b7uo2UCUOYZcnF/3ID0lulOJi/bafxa1xPe7ZPsammBSpjSWQkjNxlt635YGS2MiR9GjvuXCtz2emr3jbsz98g==

picocolors@^1.1.1:
  version "1.1.1"
  resolved "https://registry.yarnpkg.com/picocolors/-/picocolors-1.1.1.tgz#3d321af3eab939b083c8f929a1d12cda81c26b6b"
  integrity sha512-xceH2snhtb5M9liqDsmEw56le376mTZkEX/jEb/RxNFyegNul7eNslCXP9FDj/Lcu0X8KEyMceP2ntpaHrDEVA==

react-dom@^18.3.1:
  version "18.3.1"
  resolved "https://registry.yarnpkg.com/react-dom/-/react-dom-18.3.1.tgz#c2265d79511b57d479b3dd3fdfa51536494c5cb4"
  integrity sha512-5m4nQKp+rZRb09LNH59GM4BxTh9251/ylbKIbpe7TpGxfJ+9kv6BLkLBXIjjspbgbnIBNqlI23tRnTWT0snUIw==
  dependencies:
    loose-envify "^1.1.0"
    scheduler "^0.23.2"

react-router-dom@^6.26.2:
  version "6.30.0"
  resolved "https://registry.yarnpkg.com/react-router-dom/-/react-router-dom-6.30.0.tgz#a64774104508bff56b1affc2796daa3f7e76b7df"
  integrity sha512-x30B78HV5tFk8ex0ITwzC9TTZMua4jGyA9IUlH1JLQYQTFyxr/ZxwOJq7evg1JX1qGVUcvhsmQSKdPncQrjTgA==
  dependencies:
    "@remix-run/router" "1.23.0"
    react-router "6.30.0"

react-router@6.30.0, react-router@^6.26.2:
  version "6.30.0"
  resolved "https://registry.yarnpkg.com/react-router/-/react-router-6.30.0.tgz#9789d775e63bc0df60f39ced77c8c41f1e01ff90"
  integrity sha512-D3X8FyH9nBcTSHGdEKurK7r8OYE1kKFn3d/CF+CoxbSHkxU7o37+Uh7eAHRXr6k2tSExXYO++07PeXJtA/dEhQ==
  dependencies:
    "@remix-run/router" "1.23.0"

react@^18.3.1:
  version "18.3.1"
  resolved "https://registry.yarnpkg.com/react/-/react-18.3.1.tgz#49ab892009c53933625bd16b2533fc754cab2891"
  integrity sha512-wS+hAgJShR0KhEvPJArfuPVN1+Hz1t0Y6n5jLrGQbkb4urgPE/0Rve+1kMB1v/oWgHgm4WIcV+i7F2pTVj+2iQ==
  dependencies:
    loose-envify "^1.1.0"

scheduler@^0.23.2:
  version "0.23.2"
  resolved "https://registry.yarnpkg.com/scheduler/-/scheduler-0.23.2.tgz#414ba64a3b282892e944cf2108ecc078d115cdc3"
  integrity sha512-UOShsPwz7NrMUqhR6t0hWjFduvOzbtv7toDH1/hIrfRNIDBnnBWd0CwJTGvTpngVlmwGCdP9/Zl/tVrDqcuYzQ==
  dependencies:
    loose-envify "^1.1.0"

vite-plugin-lib-inject-css@^2.2.1:
  version "2.2.1"
  resolved "https://registry.yarnpkg.com/vite-plugin-lib-inject-css/-/vite-plugin-lib-inject-css-2.2.1.tgz#3466b26f692c182f7bf1210d0a80b57560bec6db"
  integrity sha512-PW3n/zRacr7bwNagHOnJfaVLoZyGDCPuFMJTyTFqjk4Xi0HKd1cK5+WlBidBBeWK8QE3SV0i+FsWmN+frBLCVQ==
  dependencies:
    "@ast-grep/napi" "^0.32.2"
    magic-string "^0.30.17"
    picocolors "^1.1.1"

zod@^3.24.1:
  version "3.24.2"
  resolved "https://registry.yarnpkg.com/zod/-/zod-3.24.2.tgz#8efa74126287c675e92f46871cfc8d15c34372b3"
  integrity sha512-lY7CDW43ECgW9u1TcT3IoXHflywfVqDYze4waEz812jR/bZ8FHDsl7pFQoSZTz5N+2NqRXs8GBwnAwo3ZNxqhQ==
