lockfileVersion: '9.0'

settings:
  autoInstallPeers: true
  excludeLinksFromLockfile: false

importers:

  .:
    dependencies:
      '@yourdash/backend':
        specifier: link:C:/Users/ewsgi/projects/yourdash/instance/backend
        version: link:../../instance/backend
      zod:
        specifier: ^3.24.2
        version: 3.24.2

packages:

  zod@3.24.2:
    resolution: {integrity: sha512-lY7CDW43ECgW9u1TcT3IoXHflywfVqDYze4waEz812jR/bZ8FHDsl7pFQoSZTz5N+2NqRXs8GBwnAwo3ZNxqhQ==}

snapshots:

  zod@3.24.2: {}
